// !$*UTF8*$!
{
	archiveVersion = 1;
	classes = {
	};
	objectVersion = 50;
	objects = {

/* Begin PBXBuildFile section */
		AAB8A9A8259C030600A0E20E /* AppDelegate.swift in Sources */ = {isa = PBXBuildFile; fileRef = AAB8A9A7259C030600A0E20E /* AppDelegate.swift */; };
		AAB8A9AA259C030600A0E20E /* SceneDelegate.swift in Sources */ = {isa = PBXBuildFile; fileRef = AAB8A9A9259C030600A0E20E /* SceneDelegate.swift */; };
		AAB8A9AC259C030600A0E20E /* ViewController.swift in Sources */ = {isa = PBXBuildFile; fileRef = AAB8A9AB259C030600A0E20E /* ViewController.swift */; };
		AAB8A9AF259C030600A0E20E /* Main.storyboard in Resources */ = {isa = PBXBuildFile; fileRef = AAB8A9AD259C030600A0E20E /* Main.storyboard */; };
		AAB8A9B1259C030800A0E20E /* Assets.xcassets in Resources */ = {isa = PBXBuildFile; fileRef = AAB8A9B0259C030800A0E20E /* Assets.xcassets */; };
		AAB8A9B4259C030800A0E20E /* LaunchScreen.storyboard in Resources */ = {isa = PBXBuildFile; fileRef = AAB8A9B2259C030800A0E20E /* LaunchScreen.storyboard */; };
		AAB8A9BF259C030800A0E20E /* QuizGameTests.swift in Sources */ = {isa = PBXBuildFile; fileRef = AAB8A9BE259C030800A0E20E /* QuizGameTests.swift */; };
		AAB8A9CA259C030800A0E20E /* QuizGameUITests.swift in Sources */ = {isa = PBXBuildFile; fileRef = AAB8A9C9259C030800A0E20E /* QuizGameUITests.swift */; };
/* End PBXBuildFile section */

/* Begin PBXContainerItemProxy section */
		AAB8A9BB259C030800A0E20E /* PBXContainerItemProxy */ = {
			isa = PBXContainerItemProxy;
			containerPortal = AAB8A99C259C030600A0E20E /* Project object */;
			proxyType = 1;
			remoteGlobalIDString = AAB8A9A3259C030600A0E20E;
			remoteInfo = QuizGame;
		};
		AAB8A9C6259C030800A0E20E /* PBXContainerItemProxy */ = {
			isa = PBXContainerItemProxy;
			containerPortal = AAB8A99C259C030600A0E20E /* Project object */;
			proxyType = 1;
			remoteGlobalIDString = AAB8A9A3259C030600A0E20E;
			remoteInfo = QuizGame;
		};
/* End PBXContainerItemProxy section */

/* Begin PBXFileReference section */
		AAB8A9A4259C030600A0E20E /* QuizGame.app */ = {isa = PBXFileReference; explicitFileType = wrapper.application; includeInIndex = 0; path = QuizGame.app; sourceTree = BUILT_PRODUCTS_DIR; };
		AAB8A9A7259C030600A0E20E /* AppDelegate.swift */ = {isa = PBXFileReference; lastKnownFileType = sourcecode.swift; path = AppDelegate.swift; sourceTree = "<group>"; };
		AAB8A9A9259C030600A0E20E /* SceneDelegate.swift */ = {isa = PBXFileReference; lastKnownFileType = sourcecode.swift; path = SceneDelegate.swift; sourceTree = "<group>"; };
		AAB8A9AB259C030600A0E20E /* ViewController.swift */ = {isa = PBXFileReference; lastKnownFileType = sourcecode.swift; path = ViewController.swift; sourceTree = "<group>"; };
		AAB8A9AE259C030600A0E20E /* Base */ = {isa = PBXFileReference; lastKnownFileType = file.storyboard; name = Base; path = Base.lproj/Main.storyboard; sourceTree = "<group>"; };
		AAB8A9B0259C030800A0E20E /* Assets.xcassets */ = {isa = PBXFileReference; lastKnownFileType = folder.assetcatalog; path = Assets.xcassets; sourceTree = "<group>"; };
		AAB8A9B3259C030800A0E20E /* Base */ = {isa = PBXFileReference; lastKnownFileType = file.storyboard; name = Base; path = Base.lproj/LaunchScreen.storyboard; sourceTree = "<group>"; };
		AAB8A9B5259C030800A0E20E /* Info.plist */ = {isa = PBXFileReference; lastKnownFileType = text.plist.xml; path = Info.plist; sourceTree = "<group>"; };
		AAB8A9BA259C030800A0E20E /* QuizGameTests.xctest */ = {isa = PBXFileReference; explicitFileType = wrapper.cfbundle; includeInIndex = 0; path = QuizGameTests.xctest; sourceTree = BUILT_PRODUCTS_DIR; };
		AAB8A9BE259C030800A0E20E /* QuizGameTests.swift */ = {isa = PBXFileReference; lastKnownFileType = sourcecode.swift; path = QuizGameTests.swift; sourceTree = "<group>"; };
		AAB8A9C0259C030800A0E20E /* Info.plist */ = {isa = PBXFileReference; lastKnownFileType = text.plist.xml; path = Info.plist; sourceTree = "<group>"; };
		AAB8A9C5259C030800A0E20E /* QuizGameUITests.xctest */ = {isa = PBXFileReference; explicitFileType = wrapper.cfbundle; includeInIndex = 0; path = QuizGameUITests.xctest; sourceTree = BUILT_PRODUCTS_DIR; };
		AAB8A9C9259C030800A0E20E /* QuizGameUITests.swift */ = {isa = PBXFileReference; lastKnownFileType = sourcecode.swift; path = QuizGameUITests.swift; sourceTree = "<group>"; };
		AAB8A9CB259C030800A0E20E /* Info.plist */ = {isa = PBXFileReference; lastKnownFileType = text.plist.xml; path = Info.plist; sourceTree = "<group>"; };
/* End PBXFileReference section */

/* Begin PBXFrameworksBuildPhase section */
		AAB8A9A1259C030600A0E20E /* Frameworks */ = {
			isa = PBXFrameworksBuildPhase;
			buildActionMask = 2147483647;
			files = (
			);
			runOnlyForDeploymentPostprocessing = 0;
		};
		AAB8A9B7259C030800A0E20E /* Frameworks */ = {
			isa = PBXFrameworksBuildPhase;
			buildActionMask = 2147483647;
			files = (
			);
			runOnlyForDeploymentPostprocessing = 0;
		};
		AAB8A9C2259C030800A0E20E /* Frameworks */ = {
			isa = PBXFrameworksBuildPhase;
			buildActionMask = 2147483647;
			files = (
			);
			runOnlyForDeploymentPostprocessing = 0;
		};
/* End PBXFrameworksBuildPhase section */

/* Begin PBXGroup section */
		AAB8A99B259C030600A0E20E = {
			isa = PBXGroup;
			children = (
				AAB8A9A6259C030600A0E20E /* QuizGame */,
				AAB8A9BD259C030800A0E20E /* QuizGameTests */,
				AAB8A9C8259C030800A0E20E /* QuizGameUITests */,
				AAB8A9A5259C030600A0E20E /* Products */,
			);
			sourceTree = "<group>";
		};
		AAB8A9A5259C030600A0E20E /* Products */ = {
			isa = PBXGroup;
			children = (
				AAB8A9A4259C030600A0E20E /* QuizGame.app */,
				AAB8A9BA259C030800A0E20E /* QuizGameTests.xctest */,
				AAB8A9C5259C030800A0E20E /* QuizGameUITests.xctest */,
			);
			name = Products;
			sourceTree = "<group>";
		};
		AAB8A9A6259C030600A0E20E /* QuizGame */ = {
			isa = PBXGroup;
			children = (
				AAB8A9A7259C030600A0E20E /* AppDelegate.swift */,
				AAB8A9A9259C030600A0E20E /* SceneDelegate.swift */,
				AAB8A9AB259C030600A0E20E /* ViewController.swift */,
				AAB8A9AD259C030600A0E20E /* Main.storyboard */,
				AAB8A9B0259C030800A0E20E /* Assets.xcassets */,
				AAB8A9B2259C030800A0E20E /* LaunchScreen.storyboard */,
				AAB8A9B5259C030800A0E20E /* Info.plist */,
			);
			path = QuizGame;
			sourceTree = "<group>";
		};
		AAB8A9BD259C030800A0E20E /* QuizGameTests */ = {
			isa = PBXGroup;
			children = (
				AAB8A9BE259C030800A0E20E /* QuizGameTests.swift */,
				AAB8A9C0259C030800A0E20E /* Info.plist */,
			);
			path = QuizGameTests;
			sourceTree = "<group>";
		};
		AAB8A9C8259C030800A0E20E /* QuizGameUITests */ = {
			isa = PBXGroup;
			children = (
				AAB8A9C9259C030800A0E20E /* QuizGameUITests.swift */,
				AAB8A9CB259C030800A0E20E /* Info.plist */,
			);
			path = QuizGameUITests;
			sourceTree = "<group>";
		};
/* End PBXGroup section */

/* Begin PBXNativeTarget section */
		AAB8A9A3259C030600A0E20E /* QuizGame */ = {
			isa = PBXNativeTarget;
			buildConfigurationList = AAB8A9CE259C030800A0E20E /* Build configuration list for PBXNativeTarget "QuizGame" */;
			buildPhases = (
				AAB8A9A0259C030600A0E20E /* Sources */,
				AAB8A9A1259C030600A0E20E /* Frameworks */,
				AAB8A9A2259C030600A0E20E /* Resources */,
			);
			buildRules = (
			);
			dependencies = (
			);
			name = QuizGame;
			productName = QuizGame;
			productReference = AAB8A9A4259C030600A0E20E /* QuizGame.app */;
			productType = "com.apple.product-type.application";
		};
		AAB8A9B9259C030800A0E20E /* QuizGameTests */ = {
			isa = PBXNativeTarget;
			buildConfigurationList = AAB8A9D1259C030800A0E20E /* Build configuration list for PBXNativeTarget "QuizGameTests" */;
			buildPhases = (
				AAB8A9B6259C030800A0E20E /* Sources */,
				AAB8A9B7259C030800A0E20E /* Frameworks */,
				AAB8A9B8259C030800A0E20E /* Resources */,
			);
			buildRules = (
			);
			dependencies = (
				AAB8A9BC259C030800A0E20E /* PBXTargetDependency */,
			);
			name = QuizGameTests;
			productName = QuizGameTests;
			productReference = AAB8A9BA259C030800A0E20E /* QuizGameTests.xctest */;
			productType = "com.apple.product-type.bundle.unit-test";
		};
		AAB8A9C4259C030800A0E20E /* QuizGameUITests */ = {
			isa = PBXNativeTarget;
			buildConfigurationList = AAB8A9D4259C030800A0E20E /* Build configuration list for PBXNativeTarget "QuizGameUITests" */;
			buildPhases = (
				AAB8A9C1259C030800A0E20E /* Sources */,
				AAB8A9C2259C030800A0E20E /* Frameworks */,
				AAB8A9C3259C030800A0E20E /* Resources */,
			);
			buildRules = (
			);
			dependencies = (
				AAB8A9C7259C030800A0E20E /* PBXTargetDependency */,
			);
			name = QuizGameUITests;
			productName = QuizGameUITests;
			productReference = AAB8A9C5259C030800A0E20E /* QuizGameUITests.xctest */;
			productType = "com.apple.product-type.bundle.ui-testing";
		};
/* End PBXNativeTarget section */

/* Begin PBXProject section */
		AAB8A99C259C030600A0E20E /* Project object */ = {
			isa = PBXProject;
			attributes = {
				LastSwiftUpdateCheck = 1200;
				LastUpgradeCheck = 1200;
				TargetAttributes = {
					AAB8A9A3259C030600A0E20E = {
						CreatedOnToolsVersion = 12.0;
					};
					AAB8A9B9259C030800A0E20E = {
						CreatedOnToolsVersion = 12.0;
						TestTargetID = AAB8A9A3259C030600A0E20E;
					};
					AAB8A9C4259C030800A0E20E = {
						CreatedOnToolsVersion = 12.0;
						TestTargetID = AAB8A9A3259C030600A0E20E;
					};
				};
			};
			buildConfigurationList = AAB8A99F259C030600A0E20E /* Build configuration list for PBXProject "QuizGame" */;
			compatibilityVersion = "Xcode 9.3";
			developmentRegion = en;
			hasScannedForEncodings = 0;
			knownRegions = (
				en,
				Base,
			);
			mainGroup = AAB8A99B259C030600A0E20E;
			productRefGroup = AAB8A9A5259C030600A0E20E /* Products */;
			projectDirPath = "";
			projectRoot = "";
			targets = (
				AAB8A9A3259C030600A0E20E /* QuizGame */,
				AAB8A9B9259C030800A0E20E /* QuizGameTests */,
				AAB8A9C4259C030800A0E20E /* QuizGameUITests */,
			);
		};
/* End PBXProject section */

/* Begin PBXResourcesBuildPhase section */
		AAB8A9A2259C030600A0E20E /* Resources */ = {
			isa = PBXResourcesBuildPhase;
			buildActionMask = 2147483647;
			files = (
				AAB8A9B4259C030800A0E20E /* LaunchScreen.storyboard in Resources */,
				AAB8A9B1259C030800A0E20E /* Assets.xcassets in Resources */,
				AAB8A9AF259C030600A0E20E /* Main.storyboard in Resources */,
			);
			runOnlyForDeploymentPostprocessing = 0;
		};
		AAB8A9B8259C030800A0E20E /* Resources */ = {
			isa = PBXResourcesBuildPhase;
			buildActionMask = 2147483647;
			files = (
			);
			runOnlyForDeploymentPostprocessing = 0;
		};
		AAB8A9C3259C030800A0E20E /* Resources */ = {
			isa = PBXResourcesBuildPhase;
			buildActionMask = 2147483647;
			files = (
			);
			runOnlyForDeploymentPostprocessing = 0;
		};
/* End PBXResourcesBuildPhase section */

/* Begin PBXSourcesBuildPhase section */
		AAB8A9A0259C030600A0E20E /* Sources */ = {
			isa = PBXSourcesBuildPhase;
			buildActionMask = 2147483647;
			files = (
				AAB8A9AC259C030600A0E20E /* ViewController.swift in Sources */,
				AAB8A9A8259C030600A0E20E /* AppDelegate.swift in Sources */,
				AAB8A9AA259C030600A0E20E /* SceneDelegate.swift in Sources */,
			);
			runOnlyForDeploymentPostprocessing = 0;
		};
		AAB8A9B6259C030800A0E20E /* Sources */ = {
			isa = PBXSourcesBuildPhase;
			buildActionMask = 2147483647;
			files = (
				AAB8A9BF259C030800A0E20E /* QuizGameTests.swift in Sources */,
			);
			runOnlyForDeploymentPostprocessing = 0;
		};
		AAB8A9C1259C030800A0E20E /* Sources */ = {
			isa = PBXSourcesBuildPhase;
			buildActionMask = 2147483647;
			files = (
				AAB8A9CA259C030800A0E20E /* QuizGameUITests.swift in Sources */,
			);
			runOnlyForDeploymentPostprocessing = 0;
		};
/* End PBXSourcesBuildPhase section */

/* Begin PBXTargetDependency section */
		AAB8A9BC259C030800A0E20E /* PBXTargetDependency */ = {
			isa = PBXTargetDependency;
			target = AAB8A9A3259C030600A0E20E /* QuizGame */;
			targetProxy = AAB8A9BB259C030800A0E20E /* PBXContainerItemProxy */;
		};
		AAB8A9C7259C030800A0E20E /* PBXTargetDependency */ = {
			isa = PBXTargetDependency;
			target = AAB8A9A3259C030600A0E20E /* QuizGame */;
			targetProxy = AAB8A9C6259C030800A0E20E /* PBXContainerItemProxy */;
		};
/* End PBXTargetDependency section */

/* Begin PBXVariantGroup section */
		AAB8A9AD259C030600A0E20E /* Main.storyboard */ = {
			isa = PBXVariantGroup;
			children = (
				AAB8A9AE259C030600A0E20E /* Base */,
			);
			name = Main.storyboard;
			sourceTree = "<group>";
		};
		AAB8A9B2259C030800A0E20E /* LaunchScreen.storyboard */ = {
			isa = PBXVariantGroup;
			children = (
				AAB8A9B3259C030800A0E20E /* Base */,
			);
			name = LaunchScreen.storyboard;
			sourceTree = "<group>";
		};
/* End PBXVariantGroup section */

/* Begin XCBuildConfiguration section */
		AAB8A9CC259C030800A0E20E /* Debug */ = {
			isa = XCBuildConfiguration;
			buildSettings = {
				ALWAYS_SEARCH_USER_PATHS = NO;
				CLANG_ANALYZER_NONNULL = YES;
				CLANG_ANALYZER_NUMBER_OBJECT_CONVERSION = YES_AGGRESSIVE;
				CLANG_CXX_LANGUAGE_STANDARD = "gnu++14";
				CLANG_CXX_LIBRARY = "libc++";
				CLANG_ENABLE_MODULES = YES;
				CLANG_ENABLE_OBJC_ARC = YES;
				CLANG_ENABLE_OBJC_WEAK = YES;
				CLANG_WARN_BLOCK_CAPTURE_AUTORELEASING = YES;
				CLANG_WARN_BOOL_CONVERSION = YES;
				CLANG_WARN_COMMA = YES;
				CLANG_WARN_CONSTANT_CONVERSION = YES;
				CLANG_WARN_DEPRECATED_OBJC_IMPLEMENTATIONS = YES;
				CLANG_WARN_DIRECT_OBJC_ISA_USAGE = YES_ERROR;
				CLANG_WARN_DOCUMENTATION_COMMENTS = YES;
				CLANG_WARN_EMPTY_BODY = YES;
				CLANG_WARN_ENUM_CONVERSION = YES;
				CLANG_WARN_INFINITE_RECURSION = YES;
				CLANG_WARN_INT_CONVERSION = YES;
				CLANG_WARN_NON_LITERAL_NULL_CONVERSION = YES;
				CLANG_WARN_OBJC_IMPLICIT_RETAIN_SELF = YES;
				CLANG_WARN_OBJC_LITERAL_CONVERSION = YES;
				CLANG_WARN_OBJC_ROOT_CLASS = YES_ERROR;
				CLANG_WARN_QUOTED_INCLUDE_IN_FRAMEWORK_HEADER = YES;
				CLANG_WARN_RANGE_LOOP_ANALYSIS = YES;
				CLANG_WARN_STRICT_PROTOTYPES = YES;
				CLANG_WARN_SUSPICIOUS_MOVE = YES;
				CLANG_WARN_UNGUARDED_AVAILABILITY = YES_AGGRESSIVE;
				CLANG_WARN_UNREACHABLE_CODE = YES;
				CLANG_WARN__DUPLICATE_METHOD_MATCH = YES;
				COPY_PHASE_STRIP = NO;
				DEBUG_INFORMATION_FORMAT = dwarf;
				ENABLE_STRICT_OBJC_MSGSEND = YES;
				ENABLE_TESTABILITY = YES;
				GCC_C_LANGUAGE_STANDARD = gnu11;
				GCC_DYNAMIC_NO_PIC = NO;
				GCC_NO_COMMON_BLOCKS = YES;
				GCC_OPTIMIZATION_LEVEL = 0;
				GCC_PREPROCESSOR_DEFINITIONS = (
					"DEBUG=1",
					"$(inherited)",
				);
				GCC_WARN_64_TO_32_BIT_CONVERSION = YES;
				GCC_WARN_ABOUT_RETURN_TYPE = YES_ERROR;
				GCC_WARN_UNDECLARED_SELECTOR = YES;
				GCC_WARN_UNINITIALIZED_AUTOS = YES_AGGRESSIVE;
				GCC_WARN_UNUSED_FUNCTION = YES;
				GCC_WARN_UNUSED_VARIABLE = YES;
				IPHONEOS_DEPLOYMENT_TARGET = 14.0;
				MTL_ENABLE_DEBUG_INFO = INCLUDE_SOURCE;
				MTL_FAST_MATH = YES;
				ONLY_ACTIVE_ARCH = YES;
				SDKROOT = iphoneos;
				SWIFT_ACTIVE_COMPILATION_CONDITIONS = DEBUG;
				SWIFT_OPTIMIZATION_LEVEL = "-Onone";
			};
			name = Debug;
		};
		AAB8A9CD259C030800A0E20E /* Release */ = {
			isa = XCBuildConfiguration;
			buildSettings = {
				ALWAYS_SEARCH_USER_PATHS = NO;
				CLANG_ANALYZER_NONNULL = YES;
				CLANG_ANALYZER_NUMBER_OBJECT_CONVERSION = YES_AGGRESSIVE;
				CLANG_CXX_LANGUAGE_STANDARD = "gnu++14";
				CLANG_CXX_LIBRARY = "libc++";
				CLANG_ENABLE_MODULES = YES;
				CLANG_ENABLE_OBJC_ARC = YES;
				CLANG_ENABLE_OBJC_WEAK = YES;
				CLANG_WARN_BLOCK_CAPTURE_AUTORELEASING = YES;
				CLANG_WARN_BOOL_CONVERSION = YES;
				CLANG_WARN_COMMA = YES;
				CLANG_WARN_CONSTANT_CONVERSION = YES;
				CLANG_WARN_DEPRECATED_OBJC_IMPLEMENTATIONS = YES;
				CLANG_WARN_DIRECT_OBJC_ISA_USAGE = YES_ERROR;
				CLANG_WARN_DOCUMENTATION_COMMENTS = YES;
				CLANG_WARN_EMPTY_BODY = YES;
				CLANG_WARN_ENUM_CONVERSION = YES;
				CLANG_WARN_INFINITE_RECURSION = YES;
				CLANG_WARN_INT_CONVERSION = YES;
				CLANG_WARN_NON_LITERAL_NULL_CONVERSION = YES;
				CLANG_WARN_OBJC_IMPLICIT_RETAIN_SELF = YES;
				CLANG_WARN_OBJC_LITERAL_CONVERSION = YES;
				CLANG_WARN_OBJC_ROOT_CLASS = YES_ERROR;
				CLANG_WARN_QUOTED_INCLUDE_IN_FRAMEWORK_HEADER = YES;
				CLANG_WARN_RANGE_LOOP_ANALYSIS = YES;
				CLANG_WARN_STRICT_PROTOTYPES = YES;
				CLANG_WARN_SUSPICIOUS_MOVE = YES;
				CLANG_WARN_UNGUARDED_AVAILABILITY = YES_AGGRESSIVE;
				CLANG_WARN_UNREACHABLE_CODE = YES;
				CLANG_WARN__DUPLICATE_METHOD_MATCH = YES;
				COPY_PHASE_STRIP = NO;
				DEBUG_INFORMATION_FORMAT = "dwarf-with-dsym";
				ENABLE_NS_ASSERTIONS = NO;
				ENABLE_STRICT_OBJC_MSGSEND = YES;
				GCC_C_LANGUAGE_STANDARD = gnu11;
				GCC_NO_COMMON_BLOCKS = YES;
				GCC_WARN_64_TO_32_BIT_CONVERSION = YES;
				GCC_WARN_ABOUT_RETURN_TYPE = YES_ERROR;
				GCC_WARN_UNDECLARED_SELECTOR = YES;
				GCC_WARN_UNINITIALIZED_AUTOS = YES_AGGRESSIVE;
				GCC_WARN_UNUSED_FUNCTION = YES;
				GCC_WARN_UNUSED_VARIABLE = YES;
				IPHONEOS_DEPLOYMENT_TARGET = 14.0;
				MTL_ENABLE_DEBUG_INFO = NO;
				MTL_FAST_MATH = YES;
				SDKROOT = iphoneos;
				SWIFT_COMPILATION_MODE = wholemodule;
				SWIFT_OPTIMIZATION_LEVEL = "-O";
				VALIDATE_PRODUCT = YES;
			};
			name = Release;
		};
		AAB8A9CF259C030800A0E20E /* Debug */ = {
			isa = XCBuildConfiguration;
			buildSettings = {
				ASSETCATALOG_COMPILER_APPICON_NAME = AppIcon;
				ASSETCATALOG_COMPILER_GLOBAL_ACCENT_COLOR_NAME = AccentColor;
				CODE_SIGN_STYLE = Automatic;
				DEVELOPMENT_TEAM = 25258ALHUD;
				INFOPLIST_FILE = QuizGame/Info.plist;
				LD_RUNPATH_SEARCH_PATHS = (
					"$(inherited)",
					"@executable_path/Frameworks",
				);
				PRODUCT_BUNDLE_IDENTIFIER = com.tcode.quizgame.QuizGame;
				PRODUCT_NAME = "$(TARGET_NAME)";
				SWIFT_VERSION = 5.0;
				TARGETED_DEVICE_FAMILY = "1,2";
			};
			name = Debug;
		};
		AAB8A9D0259C030800A0E20E /* Release */ = {
			isa = XCBuildConfiguration;
			buildSettings = {
				ASSETCATALOG_COMPILER_APPICON_NAME = AppIcon;
				ASSETCATALOG_COMPILER_GLOBAL_ACCENT_COLOR_NAME = AccentColor;
				CODE_SIGN_STYLE = Automatic;
				DEVELOPMENT_TEAM = 25258ALHUD;
				INFOPLIST_FILE = QuizGame/Info.plist;
				LD_RUNPATH_SEARCH_PATHS = (
					"$(inherited)",
					"@executable_path/Frameworks",
				);
				PRODUCT_BUNDLE_IDENTIFIER = com.tcode.quizgame.QuizGame;
				PRODUCT_NAME = "$(TARGET_NAME)";
				SWIFT_VERSION = 5.0;
				TARGETED_DEVICE_FAMILY = "1,2";
			};
			name = Release;
		};
		AAB8A9D2259C030800A0E20E /* Debug */ = {
			isa = XCBuildConfiguration;
			buildSettings = {
				ALWAYS_EMBED_SWIFT_STANDARD_LIBRARIES = YES;
				BUNDLE_LOADER = "$(TEST_HOST)";
				CODE_SIGN_STYLE = Automatic;
				DEVELOPMENT_TEAM = 25258ALHUD;
				INFOPLIST_FILE = QuizGameTests/Info.plist;
				IPHONEOS_DEPLOYMENT_TARGET = 14.0;
				LD_RUNPATH_SEARCH_PATHS = (
					"$(inherited)",
					"@executable_path/Frameworks",
					"@loader_path/Frameworks",
				);
				PRODUCT_BUNDLE_IDENTIFIER = com.tcode.quizgame.QuizGameTests;
				PRODUCT_NAME = "$(TARGET_NAME)";
				SWIFT_VERSION = 5.0;
				TARGETED_DEVICE_FAMILY = "1,2";
				TEST_HOST = "$(BUILT_PRODUCTS_DIR)/QuizGame.app/QuizGame";
			};
			name = Debug;
		};
		AAB8A9D3259C030800A0E20E /* Release */ = {
			isa = XCBuildConfiguration;
			buildSettings = {
				ALWAYS_EMBED_SWIFT_STANDARD_LIBRARIES = YES;
				BUNDLE_LOADER = "$(TEST_HOST)";
				CODE_SIGN_STYLE = Automatic;
				DEVELOPMENT_TEAM = 25258ALHUD;
				INFOPLIST_FILE = QuizGameTests/Info.plist;
				IPHONEOS_DEPLOYMENT_TARGET = 14.0;
				LD_RUNPATH_SEARCH_PATHS = (
					"$(inherited)",
					"@executable_path/Frameworks",
					"@loader_path/Frameworks",
				);
				PRODUCT_BUNDLE_IDENTIFIER = com.tcode.quizgame.QuizGameTests;
				PRODUCT_NAME = "$(TARGET_NAME)";
				SWIFT_VERSION = 5.0;
				TARGETED_DEVICE_FAMILY = "1,2";
				TEST_HOST = "$(BUILT_PRODUCTS_DIR)/QuizGame.app/QuizGame";
			};
			name = Release;
		};
		AAB8A9D5259C030800A0E20E /* Debug */ = {
			isa = XCBuildConfiguration;
			buildSettings = {
				ALWAYS_EMBED_SWIFT_STANDARD_LIBRARIES = YES;
				CODE_SIGN_STYLE = Automatic;
				DEVELOPMENT_TEAM = 25258ALHUD;
				INFOPLIST_FILE = QuizGameUITests/Info.plist;
				LD_RUNPATH_SEARCH_PATHS = (
					"$(inherited)",
					"@executable_path/Frameworks",
					"@loader_path/Frameworks",
				);
				PRODUCT_BUNDLE_IDENTIFIER = com.tcode.quizgame.QuizGameUITests;
				PRODUCT_NAME = "$(TARGET_NAME)";
				SWIFT_VERSION = 5.0;
				TARGETED_DEVICE_FAMILY = "1,2";
				TEST_TARGET_NAME = QuizGame;
			};
			name = Debug;
		};
		AAB8A9D6259C030800A0E20E /* Release */ = {
			isa = XCBuildConfiguration;
			buildSettings = {
				ALWAYS_EMBED_SWIFT_STANDARD_LIBRARIES = YES;
				CODE_SIGN_STYLE = Automatic;
				DEVELOPMENT_TEAM = 25258ALHUD;
				INFOPLIST_FILE = QuizGameUITests/Info.plist;
				LD_RUNPATH_SEARCH_PATHS = (
					"$(inherited)",
					"@executable_path/Frameworks",
					"@loader_path/Frameworks",
				);
				PRODUCT_BUNDLE_IDENTIFIER = com.tcode.quizgame.QuizGameUITests;
				PRODUCT_NAME = "$(TARGET_NAME)";
				SWIFT_VERSION = 5.0;
				TARGETED_DEVICE_FAMILY = "1,2";
				TEST_TARGET_NAME = QuizGame;
			};
			name = Release;
		};
/* End XCBuildConfiguration section */

/* Begin XCConfigurationList section */
		AAB8A99F259C030600A0E20E /* Build configuration list for PBXProject "QuizGame" */ = {
			isa = XCConfigurationList;
			buildConfigurations = (
				AAB8A9CC259C030800A0E20E /* Debug */,
				AAB8A9CD259C030800A0E20E /* Release */,
			);
			defaultConfigurationIsVisible = 0;
			defaultConfigurationName = Release;
		};
		AAB8A9CE259C030800A0E20E /* Build configuration list for PBXNativeTarget "QuizGame" */ = {
			isa = XCConfigurationList;
			buildConfigurations = (
				AAB8A9CF259C030800A0E20E /* Debug */,
				AAB8A9D0259C030800A0E20E /* Release */,
			);
			defaultConfigurationIsVisible = 0;
			defaultConfigurationName = Release;
		};
		AAB8A9D1259C030800A0E20E /* Build configuration list for PBXNativeTarget "QuizGameTests" */ = {
			isa = XCConfigurationList;
			buildConfigurations = (
				AAB8A9D2259C030800A0E20E /* Debug */,
				AAB8A9D3259C030800A0E20E /* Release */,
			);
			defaultConfigurationIsVisible = 0;
			defaultConfigurationName = Release;
		};
		AAB8A9D4259C030800A0E20E /* Build configuration list for PBXNativeTarget "QuizGameUITests" */ = {
			isa = XCConfigurationList;
			buildConfigurations = (
				AAB8A9D5259C030800A0E20E /* Debug */,
				AAB8A9D6259C030800A0E20E /* Release */,
			);
			defaultConfigurationIsVisible = 0;
			defaultConfigurationName = Release;
		};
/* End XCConfigurationList section */
	};
	rootObject = AAB8A99C259C030600A0E20E /* Project object */;
}
